<?xml version="1.0" encoding="utf-8"?>
<Project ToolsVersion="4.0" xmlns="http://schemas.microsoft.com/developer/msbuild/2003">
  <ItemGroup>
    <ClCompile Include="BezierCurve.cpp" />
    <ClCompile Include="BezierPatch.cpp" />
    <ClCompile Include="camera.cpp" />
    <ClCompile Include="Cone.cpp" />
    <ClCompile Include="Cube.cpp" />
    <ClCompile Include="Geode.cpp" />
    <ClCompile Include="GLee.c" />
    <ClCompile Include="Group.cpp" />
    <ClCompile Include="main.cpp" />
    <ClCompile Include="Material.cpp" />
    <ClCompile Include="Matrix4.cpp" />
    <ClCompile Include="MatrixTransform.cpp" />
    <ClCompile Include="node.cpp" />
    <ClCompile Include="ObjModel.cpp" />
    <ClCompile Include="Plane.cpp" />
    <ClCompile Include="PointLight.cpp" />
    <ClCompile Include="Robot.cpp" />
    <ClCompile Include="shader.cpp" />
    <ClCompile Include="SkyBox.cpp" />
    <ClCompile Include="Cylinder.cpp" />
    <ClCompile Include="Tree.cpp" />
    <ClCompile Include="TreeGen.cpp" />
    <ClCompile Include="Sphere.cpp" />
    <ClCompile Include="SpotLight.cpp" />
    <ClCompile Include="Terrain.cpp" />
    <ClCompile Include="Util.cpp" />
    <ClCompile Include="Vector3.cpp" />
    <ClCompile Include="Vector4.cpp" />
    <ClCompile Include="window.cpp" />
    <ClCompile Include="Wiresphere.cpp" />
    <ClCompile Include="BezierSpline.cpp" />
    <ClCompile Include="Particles.cpp" />
  </ItemGroup>
  <ItemGroup>
    <ClInclude Include="BezierCurve.h" />
    <ClInclude Include="BezierPatch.h" />
    <ClInclude Include="Camera.h" />
    <ClInclude Include="Cone.h" />
    <ClInclude Include="Cube.h" />
    <ClInclude Include="Geode.h" />
    <ClInclude Include="GLee.h" />
    <ClInclude Include="Group.h" />
    <ClInclude Include="Cylinder.h" />
    <ClInclude Include="Tree.h" />
    <ClInclude Include="TreeGen.h" />
    <ClInclude Include="main.h" />
    <ClInclude Include="Material.h" />
    <ClInclude Include="Matrix4.h" />
    <ClInclude Include="MatrixTransform.h" />
    <ClInclude Include="node.h" />
    <ClInclude Include="ObjModel.h" />
    <ClInclude Include="Plane.h" />
    <ClInclude Include="PointLight.h" />
    <ClInclude Include="Robot.h" />
    <ClInclude Include="shader.h" />
    <ClInclude Include="SkyBox.h" />
    <ClInclude Include="Sphere.h" />
    <ClInclude Include="SpotLight.h" />
    <ClInclude Include="Terrain.h" />
    <ClInclude Include="Util.h" />
    <ClInclude Include="Vector3.h" />
    <ClInclude Include="Vector4.h" />
    <ClInclude Include="Window.h" />
    <ClInclude Include="Wiresphere.h" />
    <ClInclude Include="BezierSpline.h" />
    <ClInclude Include="Particles.h" />
  </ItemGroup>
</Project>